// !$*UTF8*$!
{
	archiveVersion = 1;
	classes = {
	};
	objectVersion = 55;
	objects = {

/* Begin PBXBuildFile section */
		E9CAA0D1282C3AE500E9F030 /* CW2WeatherAPIApp.swift in Sources */ = {isa = PBXBuildFile; fileRef = E9CAA0D0282C3AE500E9F030 /* CW2WeatherAPIApp.swift */; };
		E9CAA0D3282C3AE500E9F030 /* WeatherSimpleView.swift in Sources */ = {isa = PBXBuildFile; fileRef = E9CAA0D2282C3AE500E9F030 /* WeatherSimpleView.swift */; };
		E9CAA0D5282C3AE700E9F030 /* Assets.xcassets in Resources */ = {isa = PBXBuildFile; fileRef = E9CAA0D4282C3AE700E9F030 /* Assets.xcassets */; };
		E9CAA0D8282C3AE700E9F030 /* Preview Assets.xcassets in Resources */ = {isa = PBXBuildFile; fileRef = E9CAA0D7282C3AE700E9F030 /* Preview Assets.xcassets */; };
		E9CAA0E2282C4FCC00E9F030 /* WeatherAPI.swift in Sources */ = {isa = PBXBuildFile; fileRef = E9CAA0E1282C4FCC00E9F030 /* WeatherAPI.swift */; };
		E9CAA0E4282C6B6900E9F030 /* BackgroundVideo.swift in Sources */ = {isa = PBXBuildFile; fileRef = E9CAA0E3282C6B6900E9F030 /* BackgroundVideo.swift */; };
		E9CAA0E6282C6C5D00E9F030 /* Mountains.mp4 in Resources */ = {isa = PBXBuildFile; fileRef = E9CAA0E5282C6C5D00E9F030 /* Mountains.mp4 */; };
		E9CAA0E8282C753F00E9F030 /* DetailView.swift in Sources */ = {isa = PBXBuildFile; fileRef = E9CAA0E7282C753F00E9F030 /* DetailView.swift */; };
		E9CAA0EE282C83B800E9F030 /* ForecastFiveDays.swift in Sources */ = {isa = PBXBuildFile; fileRef = E9CAA0ED282C83B800E9F030 /* ForecastFiveDays.swift */; };
		E9E9394D283AC3A2009F1225 /* ForecastAPI.swift in Sources */ = {isa = PBXBuildFile; fileRef = E9E9394C283AC3A2009F1225 /* ForecastAPI.swift */; };
/* End PBXBuildFile section */

/* Begin PBXFileReference section */
		E9CAA0CD282C3AE500E9F030 /* CW2WeatherAPI.app */ = {isa = PBXFileReference; explicitFileType = wrapper.application; includeInIndex = 0; path = CW2WeatherAPI.app; sourceTree = BUILT_PRODUCTS_DIR; };
		E9CAA0D0282C3AE500E9F030 /* CW2WeatherAPIApp.swift */ = {isa = PBXFileReference; lastKnownFileType = sourcecode.swift; path = CW2WeatherAPIApp.swift; sourceTree = "<group>"; };
		E9CAA0D2282C3AE500E9F030 /* WeatherSimpleView.swift */ = {isa = PBXFileReference; lastKnownFileType = sourcecode.swift; path = WeatherSimpleView.swift; sourceTree = "<group>"; };
		E9CAA0D4282C3AE700E9F030 /* Assets.xcassets */ = {isa = PBXFileReference; lastKnownFileType = folder.assetcatalog; path = Assets.xcassets; sourceTree = "<group>"; };
		E9CAA0D7282C3AE700E9F030 /* Preview Assets.xcassets */ = {isa = PBXFileReference; lastKnownFileType = folder.assetcatalog; path = "Preview Assets.xcassets"; sourceTree = "<group>"; };
		E9CAA0E1282C4FCC00E9F030 /* WeatherAPI.swift */ = {isa = PBXFileReference; lastKnownFileType = sourcecode.swift; path = WeatherAPI.swift; sourceTree = "<group>"; };
		E9CAA0E3282C6B6900E9F030 /* BackgroundVideo.swift */ = {isa = PBXFileReference; lastKnownFileType = sourcecode.swift; path = BackgroundVideo.swift; sourceTree = "<group>"; };
		E9CAA0E5282C6C5D00E9F030 /* Mountains.mp4 */ = {isa = PBXFileReference; lastKnownFileType = file; path = Mountains.mp4; sourceTree = "<group>"; };
		E9CAA0E7282C753F00E9F030 /* DetailView.swift */ = {isa = PBXFileReference; lastKnownFileType = sourcecode.swift; path = DetailView.swift; sourceTree = "<group>"; };
		E9CAA0ED282C83B800E9F030 /* ForecastFiveDays.swift */ = {isa = PBXFileReference; lastKnownFileType = sourcecode.swift; path = ForecastFiveDays.swift; sourceTree = "<group>"; };
		E9E9394C283AC3A2009F1225 /* ForecastAPI.swift */ = {isa = PBXFileReference; lastKnownFileType = sourcecode.swift; path = ForecastAPI.swift; sourceTree = "<group>"; };
/* End PBXFileReference section */

/* Begin PBXFrameworksBuildPhase section */
		E9CAA0CA282C3AE500E9F030 /* Frameworks */ = {
			isa = PBXFrameworksBuildPhase;
			buildActionMask = 2147483647;
			files = (
			);
			runOnlyForDeploymentPostprocessing = 0;
		};
/* End PBXFrameworksBuildPhase section */

/* Begin PBXGroup section */
		E9CAA0C4282C3AE500E9F030 = {
			isa = PBXGroup;
			children = (
				E9CAA0D0282C3AE500E9F030 /* CW2WeatherAPIApp.swift */,
				E9CAA0CF282C3AE500E9F030 /* CW2WeatherAPI */,
				E9CAA0CE282C3AE500E9F030 /* Products */,
			);
			sourceTree = "<group>";
		};
		E9CAA0CE282C3AE500E9F030 /* Products */ = {
			isa = PBXGroup;
			children = (
				E9CAA0CD282C3AE500E9F030 /* CW2WeatherAPI.app */,
			);
			name = Products;
			sourceTree = "<group>";
		};
		E9CAA0CF282C3AE500E9F030 /* CW2WeatherAPI */ = {
			isa = PBXGroup;
			children = (
				E9CAA0EA282C7EFE00E9F030 /* Background Video */,
				E9CAA0E9282C7EF300E9F030 /* Views */,
				E9CAA0E0282C4FAA00E9F030 /* Models */,
				E9CAA0D4282C3AE700E9F030 /* Assets.xcassets */,
				E9CAA0D6282C3AE700E9F030 /* Preview Content */,
			);
			path = CW2WeatherAPI;
			sourceTree = "<group>";
		};
		E9CAA0D6282C3AE700E9F030 /* Preview Content */ = {
			isa = PBXGroup;
			children = (
				E9CAA0D7282C3AE700E9F030 /* Preview Assets.xcassets */,
			);
			path = "Preview Content";
			sourceTree = "<group>";
		};
		E9CAA0E0282C4FAA00E9F030 /* Models */ = {
			isa = PBXGroup;
			children = (
				E9CAA0E1282C4FCC00E9F030 /* WeatherAPI.swift */,
				E9E9394C283AC3A2009F1225 /* ForecastAPI.swift */,
			);
			path = Models;
			sourceTree = "<group>";
		};
		E9CAA0E9282C7EF300E9F030 /* Views */ = {
			isa = PBXGroup;
			children = (
				E9CAA0D2282C3AE500E9F030 /* WeatherSimpleView.swift */,
				E9CAA0E7282C753F00E9F030 /* DetailView.swift */,
				E9CAA0ED282C83B800E9F030 /* ForecastFiveDays.swift */,
			);
			path = Views;
			sourceTree = "<group>";
		};
		E9CAA0EA282C7EFE00E9F030 /* Background Video */ = {
			isa = PBXGroup;
			children = (
				E9CAA0E5282C6C5D00E9F030 /* Mountains.mp4 */,
				E9CAA0E3282C6B6900E9F030 /* BackgroundVideo.swift */,
			);
			path = "Background Video";
			sourceTree = "<group>";
		};
/* End PBXGroup section */

/* Begin PBXNativeTarget section */
		E9CAA0CC282C3AE500E9F030 /* CW2WeatherAPI */ = {
			isa = PBXNativeTarget;
			buildConfigurationList = E9CAA0DB282C3AE700E9F030 /* Build configuration list for PBXNativeTarget "CW2WeatherAPI" */;
			buildPhases = (
				E9CAA0C9282C3AE500E9F030 /* Sources */,
				E9CAA0CA282C3AE500E9F030 /* Frameworks */,
				E9CAA0CB282C3AE500E9F030 /* Resources */,
			);
			buildRules = (
			);
			dependencies = (
			);
			name = CW2WeatherAPI;
			productName = CW2WeatherAPI;
			productReference = E9CAA0CD282C3AE500E9F030 /* CW2WeatherAPI.app */;
			productType = "com.apple.product-type.application";
		};
/* End PBXNativeTarget section */

/* Begin PBXProject section */
		E9CAA0C5282C3AE500E9F030 /* Project object */ = {
			isa = PBXProject;
			attributes = {
				BuildIndependentTargetsInParallel = 1;
				LastSwiftUpdateCheck = 1330;
				LastUpgradeCheck = 1330;
				TargetAttributes = {
					E9CAA0CC282C3AE500E9F030 = {
						CreatedOnToolsVersion = 13.3.1;
					};
				};
			};
			buildConfigurationList = E9CAA0C8282C3AE500E9F030 /* Build configuration list for PBXProject "CW2WeatherAPI" */;
			compatibilityVersion = "Xcode 13.0";
			developmentRegion = en;
			hasScannedForEncodings = 0;
			knownRegions = (
				en,
				Base,
			);
			mainGroup = E9CAA0C4282C3AE500E9F030;
			productRefGroup = E9CAA0CE282C3AE500E9F030 /* Products */;
			projectDirPath = "";
			projectRoot = "";
			targets = (
				E9CAA0CC282C3AE500E9F030 /* CW2WeatherAPI */,
			);
		};
/* End PBXProject section */

/* Begin PBXResourcesBuildPhase section */
		E9CAA0CB282C3AE500E9F030 /* Resources */ = {
			isa = PBXResourcesBuildPhase;
			buildActionMask = 2147483647;
			files = (
				E9CAA0E6282C6C5D00E9F030 /* Mountains.mp4 in Resources */,
				E9CAA0D8282C3AE700E9F030 /* Preview Assets.xcassets in Resources */,
				E9CAA0D5282C3AE700E9F030 /* Assets.xcassets in Resources */,
			);
			runOnlyForDeploymentPostprocessing = 0;
		};
/* End PBXResourcesBuildPhase section */

/* Begin PBXSourcesBuildPhase section */
		E9CAA0C9282C3AE500E9F030 /* Sources */ = {
			isa = PBXSourcesBuildPhase;
			buildActionMask = 2147483647;
			files = (
				E9CAA0D3282C3AE500E9F030 /* WeatherSimpleView.swift in Sources */,
				E9CAA0E8282C753F00E9F030 /* DetailView.swift in Sources */,
				E9CAA0EE282C83B800E9F030 /* ForecastFiveDays.swift in Sources */,
				E9E9394D283AC3A2009F1225 /* ForecastAPI.swift in Sources */,
				E9CAA0E2282C4FCC00E9F030 /* WeatherAPI.swift in Sources */,
				E9CAA0E4282C6B6900E9F030 /* BackgroundVideo.swift in Sources */,
				E9CAA0D1282C3AE500E9F030 /* CW2WeatherAPIApp.swift in Sources */,
			);
			runOnlyForDeploymentPostprocessing = 0;
		};
/* End PBXSourcesBuildPhase section */

/* Begin XCBuildConfiguration section */
		E9CAA0D9282C3AE700E9F030 /* Debug */ = {
			isa = XCBuildConfiguration;
			buildSettings = {
				ALWAYS_SEARCH_USER_PATHS = NO;
				CLANG_ANALYZER_NONNULL = YES;
				CLANG_ANALYZER_NUMBER_OBJECT_CONVERSION = YES_AGGRESSIVE;
				CLANG_CXX_LANGUAGE_STANDARD = "gnu++17";
				CLANG_ENABLE_MODULES = YES;
				CLANG_ENABLE_OBJC_ARC = YES;
				CLANG_ENABLE_OBJC_WEAK = YES;
				CLANG_WARN_BLOCK_CAPTURE_AUTORELEASING = YES;
				CLANG_WARN_BOOL_CONVERSION = YES;
				CLANG_WARN_COMMA = YES;
				CLANG_WARN_CONSTANT_CONVERSION = YES;
				CLANG_WARN_DEPRECATED_OBJC_IMPLEMENTATIONS = YES;
				CLANG_WARN_DIRECT_OBJC_ISA_USAGE = YES_ERROR;
				CLANG_WARN_DOCUMENTATION_COMMENTS = YES;
				CLANG_WARN_EMPTY_BODY = YES;
				CLANG_WARN_ENUM_CONVERSION = YES;
				CLANG_WARN_INFINITE_RECURSION = YES;
				CLANG_WARN_INT_CONVERSION = YES;
				CLANG_WARN_NON_LITERAL_NULL_CONVERSION = YES;
				CLANG_WARN_OBJC_IMPLICIT_RETAIN_SELF = YES;
				CLANG_WARN_OBJC_LITERAL_CONVERSION = YES;
				CLANG_WARN_OBJC_ROOT_CLASS = YES_ERROR;
				CLANG_WARN_QUOTED_INCLUDE_IN_FRAMEWORK_HEADER = YES;
				CLANG_WARN_RANGE_LOOP_ANALYSIS = YES;
				CLANG_WARN_STRICT_PROTOTYPES = YES;
				CLANG_WARN_SUSPICIOUS_MOVE = YES;
				CLANG_WARN_UNGUARDED_AVAILABILITY = YES_AGGRESSIVE;
				CLANG_WARN_UNREACHABLE_CODE = YES;
				CLANG_WARN__DUPLICATE_METHOD_MATCH = YES;
				COPY_PHASE_STRIP = NO;
				DEBUG_INFORMATION_FORMAT = dwarf;
				ENABLE_STRICT_OBJC_MSGSEND = YES;
				ENABLE_TESTABILITY = YES;
				GCC_C_LANGUAGE_STANDARD = gnu11;
				GCC_DYNAMIC_NO_PIC = NO;
				GCC_NO_COMMON_BLOCKS = YES;
				GCC_OPTIMIZATION_LEVEL = 0;
				GCC_PREPROCESSOR_DEFINITIONS = (
					"DEBUG=1",
					"$(inherited)",
				);
				GCC_WARN_64_TO_32_BIT_CONVERSION = YES;
				GCC_WARN_ABOUT_RETURN_TYPE = YES_ERROR;
				GCC_WARN_UNDECLARED_SELECTOR = YES;
				GCC_WARN_UNINITIALIZED_AUTOS = YES_AGGRESSIVE;
				GCC_WARN_UNUSED_FUNCTION = YES;
				GCC_WARN_UNUSED_VARIABLE = YES;
				IPHONEOS_DEPLOYMENT_TARGET = 15.4;
				MTL_ENABLE_DEBUG_INFO = INCLUDE_SOURCE;
				MTL_FAST_MATH = YES;
				ONLY_ACTIVE_ARCH = YES;
				SDKROOT = iphoneos;
				SWIFT_ACTIVE_COMPILATION_CONDITIONS = DEBUG;
				SWIFT_OPTIMIZATION_LEVEL = "-Onone";
			};
			name = Debug;
		};
		E9CAA0DA282C3AE700E9F030 /* Release */ = {
			isa = XCBuildConfiguration;
			buildSettings = {
				ALWAYS_SEARCH_USER_PATHS = NO;
				CLANG_ANALYZER_NONNULL = YES;
				CLANG_ANALYZER_NUMBER_OBJECT_CONVERSION = YES_AGGRESSIVE;
				CLANG_CXX_LANGUAGE_STANDARD = "gnu++17";
				CLANG_ENABLE_MODULES = YES;
				CLANG_ENABLE_OBJC_ARC = YES;
				CLANG_ENABLE_OBJC_WEAK = YES;
				CLANG_WARN_BLOCK_CAPTURE_AUTORELEASING = YES;
				CLANG_WARN_BOOL_CONVERSION = YES;
				CLANG_WARN_COMMA = YES;
				CLANG_WARN_CONSTANT_CONVERSION = YES;
				CLANG_WARN_DEPRECATED_OBJC_IMPLEMENTATIONS = YES;
				CLANG_WARN_DIRECT_OBJC_ISA_USAGE = YES_ERROR;
				CLANG_WARN_DOCUMENTATION_COMMENTS = YES;
				CLANG_WARN_EMPTY_BODY = YES;
				CLANG_WARN_ENUM_CONVERSION = YES;
				CLANG_WARN_INFINITE_RECURSION = YES;
				CLANG_WARN_INT_CONVERSION = YES;
				CLANG_WARN_NON_LITERAL_NULL_CONVERSION = YES;
				CLANG_WARN_OBJC_IMPLICIT_RETAIN_SELF = YES;
				CLANG_WARN_OBJC_LITERAL_CONVERSION = YES;
				CLANG_WARN_OBJC_ROOT_CLASS = YES_ERROR;
				CLANG_WARN_QUOTED_INCLUDE_IN_FRAMEWORK_HEADER = YES;
				CLANG_WARN_RANGE_LOOP_ANALYSIS = YES;
				CLANG_WARN_STRICT_PROTOTYPES = YES;
				CLANG_WARN_SUSPICIOUS_MOVE = YES;
				CLANG_WARN_UNGUARDED_AVAILABILITY = YES_AGGRESSIVE;
				CLANG_WARN_UNREACHABLE_CODE = YES;
				CLANG_WARN__DUPLICATE_METHOD_MATCH = YES;
				COPY_PHASE_STRIP = NO;
				DEBUG_INFORMATION_FORMAT = "dwarf-with-dsym";
				ENABLE_NS_ASSERTIONS = NO;
				ENABLE_STRICT_OBJC_MSGSEND = YES;
				GCC_C_LANGUAGE_STANDARD = gnu11;
				GCC_NO_COMMON_BLOCKS = YES;
				GCC_WARN_64_TO_32_BIT_CONVERSION = YES;
				GCC_WARN_ABOUT_RETURN_TYPE = YES_ERROR;
				GCC_WARN_UNDECLARED_SELECTOR = YES;
				GCC_WARN_UNINITIALIZED_AUTOS = YES_AGGRESSIVE;
				GCC_WARN_UNUSED_FUNCTION = YES;
				GCC_WARN_UNUSED_VARIABLE = YES;
				IPHONEOS_DEPLOYMENT_TARGET = 15.4;
				MTL_ENABLE_DEBUG_INFO = NO;
				MTL_FAST_MATH = YES;
				SDKROOT = iphoneos;
				SWIFT_COMPILATION_MODE = wholemodule;
				SWIFT_OPTIMIZATION_LEVEL = "-O";
				VALIDATE_PRODUCT = YES;
			};
			name = Release;
		};
		E9CAA0DC282C3AE700E9F030 /* Debug */ = {
			isa = XCBuildConfiguration;
			buildSettings = {
				ASSETCATALOG_COMPILER_APPICON_NAME = AppIcon;
				ASSETCATALOG_COMPILER_GLOBAL_ACCENT_COLOR_NAME = AccentColor;
				CODE_SIGN_STYLE = Automatic;
				CURRENT_PROJECT_VERSION = 1;
				DEVELOPMENT_ASSET_PATHS = "\"CW2WeatherAPI/Preview Content\"";
				DEVELOPMENT_TEAM = 2P6DXXTXAT;
				ENABLE_PREVIEWS = YES;
				GENERATE_INFOPLIST_FILE = YES;
				INFOPLIST_KEY_UIApplicationSceneManifest_Generation = YES;
				INFOPLIST_KEY_UIApplicationSupportsIndirectInputEvents = YES;
				INFOPLIST_KEY_UILaunchScreen_Generation = YES;
				INFOPLIST_KEY_UISupportedInterfaceOrientations_iPad = "UIInterfaceOrientationPortrait UIInterfaceOrientationPortraitUpsideDown UIInterfaceOrientationLandscapeLeft UIInterfaceOrientationLandscapeRight";
				INFOPLIST_KEY_UISupportedInterfaceOrientations_iPhone = "UIInterfaceOrientationPortrait UIInterfaceOrientationLandscapeLeft UIInterfaceOrientationLandscapeRight";
				LD_RUNPATH_SEARCH_PATHS = (
					"$(inherited)",
					"@executable_path/Frameworks",
				);
				MARKETING_VERSION = 1.0;
				PRODUCT_BUNDLE_IDENTIFIER = Vasil.CW2WeatherAPI;
				PRODUCT_NAME = "$(TARGET_NAME)";
				SWIFT_EMIT_LOC_STRINGS = YES;
				SWIFT_VERSION = 5.0;
				TARGETED_DEVICE_FAMILY = "1,2";
			};
			name = Debug;
		};
		E9CAA0DD282C3AE700E9F030 /* Release */ = {
			isa = XCBuildConfiguration;
			buildSettings = {
				ASSETCATALOG_COMPILER_APPICON_NAME = AppIcon;
				ASSETCATALOG_COMPILER_GLOBAL_ACCENT_COLOR_NAME = AccentColor;
				CODE_SIGN_STYLE = Automatic;
				CURRENT_PROJECT_VERSION = 1;
				DEVELOPMENT_ASSET_PATHS = "\"CW2WeatherAPI/Preview Content\"";
				DEVELOPMENT_TEAM = 2P6DXXTXAT;
				ENABLE_PREVIEWS = YES;
				GENERATE_INFOPLIST_FILE = YES;
				INFOPLIST_KEY_UIApplicationSceneManifest_Generation = YES;
				INFOPLIST_KEY_UIApplicationSupportsIndirectInputEvents = YES;
				INFOPLIST_KEY_UILaunchScreen_Generation = YES;
				INFOPLIST_KEY_UISupportedInterfaceOrientations_iPad = "UIInterfaceOrientationPortrait UIInterfaceOrientationPortraitUpsideDown UIInterfaceOrientationLandscapeLeft UIInterfaceOrientationLandscapeRight";
				INFOPLIST_KEY_UISupportedInterfaceOrientations_iPhone = "UIInterfaceOrientationPortrait UIInterfaceOrientationLandscapeLeft UIInterfaceOrientationLandscapeRight";
				LD_RUNPATH_SEARCH_PATHS = (
					"$(inherited)",
					"@executable_path/Frameworks",
				);
				MARKETING_VERSION = 1.0;
				PRODUCT_BUNDLE_IDENTIFIER = Vasil.CW2WeatherAPI;
				PRODUCT_NAME = "$(TARGET_NAME)";
				SWIFT_EMIT_LOC_STRINGS = YES;
				SWIFT_VERSION = 5.0;
				TARGETED_DEVICE_FAMILY = "1,2";
			};
			name = Release;
		};
/* End XCBuildConfiguration section */

/* Begin XCConfigurationList section */
		E9CAA0C8282C3AE500E9F030 /* Build configuration list for PBXProject "CW2WeatherAPI" */ = {
			isa = XCConfigurationList;
			buildConfigurations = (
				E9CAA0D9282C3AE700E9F030 /* Debug */,
				E9CAA0DA282C3AE700E9F030 /* Release */,
			);
			defaultConfigurationIsVisible = 0;
			defaultConfigurationName = Release;
		};
		E9CAA0DB282C3AE700E9F030 /* Build configuration list for PBXNativeTarget "CW2WeatherAPI" */ = {
			isa = XCConfigurationList;
			buildConfigurations = (
				E9CAA0DC282C3AE700E9F030 /* Debug */,
				E9CAA0DD282C3AE700E9F030 /* Release */,
			);
			defaultConfigurationIsVisible = 0;
			defaultConfigurationName = Release;
		};
/* End XCConfigurationList section */
	};
	rootObject = E9CAA0C5282C3AE500E9F030 /* Project object */;
}
